{
  "object": {
    "pins": [
      {
        "package": "MRUtils",
        "repositoryURL": "https://github.com/mretondo/MRUtils.git",
        "state": {
          "branch": null,
          "revision": "57db3629631671f25ed36277fd3c8f53afaebc51",
          "version": "1.0.1"
        }
      }
    ]
  },
  "version": 1
}
